// !$*UTF8*$!
{
	archiveVersion = 1;
	classes = {
	};
	objectVersion = 70;
	objects = {

/* Begin PBXBuildFile section */
		580759DC2DC5E25F0026065D /* Profile.swift in Sources */ = {isa = PBXBuildFile; fileRef = 580759DB2DC5E25F0026065D /* Profile.swift */; };
		580759DF2DC5E65E0026065D /* ProfileHost.swift in Sources */ = {isa = PBXBuildFile; fileRef = 580759DE2DC5E65E0026065D /* ProfileHost.swift */; };
		580759E12DC5E8650026065D /* ProfileSummary.swift in Sources */ = {isa = PBXBuildFile; fileRef = 580759E02DC5E8650026065D /* ProfileSummary.swift */; };
		580759E92DC5FE390026065D /* ProfileEditor.swift in Sources */ = {isa = PBXBuildFile; fileRef = 580759E82DC5FE390026065D /* ProfileEditor.swift */; };
		580F6B1E2DAD5520007DBD3B /* Hike.swift in Sources */ = {isa = PBXBuildFile; fileRef = 580F6B1D2DAD5520007DBD3B /* Hike.swift */; };
		580F6B312DAD59E9007DBD3B /* hikeData.json in Resources */ = {isa = PBXBuildFile; fileRef = 580F6B302DAD59E9007DBD3B /* hikeData.json */; };
		582159472DA8BBE300B98ACF /* CircleImage.swift in Sources */ = {isa = PBXBuildFile; fileRef = 582159462DA8BBE300B98ACF /* CircleImage.swift */; };
		582159492DA8CBCB00B98ACF /* MapView.swift in Sources */ = {isa = PBXBuildFile; fileRef = 582159482DA8CBCB00B98ACF /* MapView.swift */; };
		5821594D2DA8D0C700B98ACF /* landmarkData.json in Resources */ = {isa = PBXBuildFile; fileRef = 5821594C2DA8D0C700B98ACF /* landmarkData.json */; };
		5821594F2DA8D21D00B98ACF /* Landmark.swift in Sources */ = {isa = PBXBuildFile; fileRef = 5821594E2DA8D21D00B98ACF /* Landmark.swift */; };
		582159512DA8D48F00B98ACF /* ModelData.swift in Sources */ = {isa = PBXBuildFile; fileRef = 582159502DA8D48F00B98ACF /* ModelData.swift */; };
		582159542DA8D83400B98ACF /* LandmarkRow.swift in Sources */ = {isa = PBXBuildFile; fileRef = 582159532DA8D83400B98ACF /* LandmarkRow.swift */; };
		582159562DA8E81700B98ACF /* LandmarkList.swift in Sources */ = {isa = PBXBuildFile; fileRef = 582159552DA8E81700B98ACF /* LandmarkList.swift */; };
		582159582DA8EA6100B98ACF /* LandmarkDetail.swift in Sources */ = {isa = PBXBuildFile; fileRef = 582159572DA8EA6100B98ACF /* LandmarkDetail.swift */; };
		5821595A2DA9074500B98ACF /* FavoriteButton.swift in Sources */ = {isa = PBXBuildFile; fileRef = 582159592DA9074500B98ACF /* FavoriteButton.swift */; };
		5833B4562DA92F11002CD88E /* HexagonParameters.swift in Sources */ = {isa = PBXBuildFile; fileRef = 5833B4552DA92F11002CD88E /* HexagonParameters.swift */; };
		583E1A552DB5315200D723DA /* CategoryHome.swift in Sources */ = {isa = PBXBuildFile; fileRef = 583E1A542DB5315200D723DA /* CategoryHome.swift */; };
		5878DE622DA8ACA1004066DE /* LandmarksApp.swift in Sources */ = {isa = PBXBuildFile; fileRef = 5878DE612DA8ACA1004066DE /* LandmarksApp.swift */; };
		5878DE642DA8ACA1004066DE /* ContentView.swift in Sources */ = {isa = PBXBuildFile; fileRef = 5878DE632DA8ACA1004066DE /* ContentView.swift */; };
		5878DE662DA8ACAA004066DE /* Assets.xcassets in Resources */ = {isa = PBXBuildFile; fileRef = 5878DE652DA8ACAA004066DE /* Assets.xcassets */; };
		5878DE692DA8ACAA004066DE /* Preview Assets.xcassets in Resources */ = {isa = PBXBuildFile; fileRef = 5878DE682DA8ACAA004066DE /* Preview Assets.xcassets */; };
		5880EFAD2DC6082B005402A6 /* PageViewController.swift in Sources */ = {isa = PBXBuildFile; fileRef = 5880EFAC2DC6082B005402A6 /* PageViewController.swift */; };
		58B3573D2DACA3B800DA54C7 /* BadgeBackground.swift in Sources */ = {isa = PBXBuildFile; fileRef = 58B3573C2DACA3B800DA54C7 /* BadgeBackground.swift */; };
		58B3573F2DACAA4000DA54C7 /* BadgeSymbol.swift in Sources */ = {isa = PBXBuildFile; fileRef = 58B3573E2DACAA4000DA54C7 /* BadgeSymbol.swift */; };
		58B357422DACC43A00DA54C7 /* RotatedBadgeSymbol.swift in Sources */ = {isa = PBXBuildFile; fileRef = 58B357412DACC43A00DA54C7 /* RotatedBadgeSymbol.swift */; };
		58B357442DACC4D800DA54C7 /* Badge.swift in Sources */ = {isa = PBXBuildFile; fileRef = 58B357432DACC4D800DA54C7 /* Badge.swift */; };
		58D464362DD8C7FC00BB1804 /* FeatureCard.swift in Sources */ = {isa = PBXBuildFile; fileRef = 58D464352DD8C7FC00BB1804 /* FeatureCard.swift */; };
		58D464382DD8D18D00BB1804 /* PageView.swift in Sources */ = {isa = PBXBuildFile; fileRef = 58D464372DD8D18D00BB1804 /* PageView.swift */; };
		58F9A7252DBCA78800FB8A72 /* CategoryRow.swift in Sources */ = {isa = PBXBuildFile; fileRef = 58F9A7242DBCA78800FB8A72 /* CategoryRow.swift */; };
		58F9A7272DBCAC6400FB8A72 /* CategoryItem.swift in Sources */ = {isa = PBXBuildFile; fileRef = 58F9A7262DBCAC6400FB8A72 /* CategoryItem.swift */; };
/* End PBXBuildFile section */

/* Begin PBXFileReference section */
		580759DB2DC5E25F0026065D /* Profile.swift */ = {isa = PBXFileReference; lastKnownFileType = sourcecode.swift; path = Profile.swift; sourceTree = "<group>"; };
		580759DE2DC5E65E0026065D /* ProfileHost.swift */ = {isa = PBXFileReference; lastKnownFileType = sourcecode.swift; path = ProfileHost.swift; sourceTree = "<group>"; };
		580759E02DC5E8650026065D /* ProfileSummary.swift */ = {isa = PBXFileReference; lastKnownFileType = sourcecode.swift; path = ProfileSummary.swift; sourceTree = "<group>"; };
		580759E82DC5FE390026065D /* ProfileEditor.swift */ = {isa = PBXFileReference; lastKnownFileType = sourcecode.swift; path = ProfileEditor.swift; sourceTree = "<group>"; };
		580F6B1D2DAD5520007DBD3B /* Hike.swift */ = {isa = PBXFileReference; lastKnownFileType = sourcecode.swift; path = Hike.swift; sourceTree = "<group>"; };
		580F6B302DAD59E9007DBD3B /* hikeData.json */ = {isa = PBXFileReference; lastKnownFileType = text.json; path = hikeData.json; sourceTree = "<group>"; };
		582159462DA8BBE300B98ACF /* CircleImage.swift */ = {isa = PBXFileReference; lastKnownFileType = sourcecode.swift; path = CircleImage.swift; sourceTree = "<group>"; };
		582159482DA8CBCB00B98ACF /* MapView.swift */ = {isa = PBXFileReference; lastKnownFileType = sourcecode.swift; path = MapView.swift; sourceTree = "<group>"; };
		5821594C2DA8D0C700B98ACF /* landmarkData.json */ = {isa = PBXFileReference; fileEncoding = 4; lastKnownFileType = text.json; path = landmarkData.json; sourceTree = "<group>"; };
		5821594E2DA8D21D00B98ACF /* Landmark.swift */ = {isa = PBXFileReference; lastKnownFileType = sourcecode.swift; path = Landmark.swift; sourceTree = "<group>"; };
		582159502DA8D48F00B98ACF /* ModelData.swift */ = {isa = PBXFileReference; lastKnownFileType = sourcecode.swift; path = ModelData.swift; sourceTree = "<group>"; };
		582159532DA8D83400B98ACF /* LandmarkRow.swift */ = {isa = PBXFileReference; lastKnownFileType = sourcecode.swift; path = LandmarkRow.swift; sourceTree = "<group>"; };
		582159552DA8E81700B98ACF /* LandmarkList.swift */ = {isa = PBXFileReference; lastKnownFileType = sourcecode.swift; path = LandmarkList.swift; sourceTree = "<group>"; };
		582159572DA8EA6100B98ACF /* LandmarkDetail.swift */ = {isa = PBXFileReference; lastKnownFileType = sourcecode.swift; path = LandmarkDetail.swift; sourceTree = "<group>"; };
		582159592DA9074500B98ACF /* FavoriteButton.swift */ = {isa = PBXFileReference; lastKnownFileType = sourcecode.swift; path = FavoriteButton.swift; sourceTree = "<group>"; };
		5833B4552DA92F11002CD88E /* HexagonParameters.swift */ = {isa = PBXFileReference; lastKnownFileType = sourcecode.swift; path = HexagonParameters.swift; sourceTree = "<group>"; };
		583E1A542DB5315200D723DA /* CategoryHome.swift */ = {isa = PBXFileReference; lastKnownFileType = sourcecode.swift; path = CategoryHome.swift; sourceTree = "<group>"; };
		5878DE5E2DA8ACA1004066DE /* Landmarks.app */ = {isa = PBXFileReference; explicitFileType = wrapper.application; includeInIndex = 0; path = Landmarks.app; sourceTree = BUILT_PRODUCTS_DIR; };
		5878DE612DA8ACA1004066DE /* LandmarksApp.swift */ = {isa = PBXFileReference; lastKnownFileType = sourcecode.swift; path = LandmarksApp.swift; sourceTree = "<group>"; };
		5878DE632DA8ACA1004066DE /* ContentView.swift */ = {isa = PBXFileReference; lastKnownFileType = sourcecode.swift; path = ContentView.swift; sourceTree = "<group>"; };
		5878DE652DA8ACAA004066DE /* Assets.xcassets */ = {isa = PBXFileReference; lastKnownFileType = folder.assetcatalog; path = Assets.xcassets; sourceTree = "<group>"; };
		5878DE682DA8ACAA004066DE /* Preview Assets.xcassets */ = {isa = PBXFileReference; lastKnownFileType = folder.assetcatalog; path = "Preview Assets.xcassets"; sourceTree = "<group>"; };
		5880EFAC2DC6082B005402A6 /* PageViewController.swift */ = {isa = PBXFileReference; lastKnownFileType = sourcecode.swift; path = PageViewController.swift; sourceTree = "<group>"; };
		58B3573C2DACA3B800DA54C7 /* BadgeBackground.swift */ = {isa = PBXFileReference; lastKnownFileType = sourcecode.swift; path = BadgeBackground.swift; sourceTree = "<group>"; };
		58B3573E2DACAA4000DA54C7 /* BadgeSymbol.swift */ = {isa = PBXFileReference; lastKnownFileType = sourcecode.swift; path = BadgeSymbol.swift; sourceTree = "<group>"; };
		58B357412DACC43A00DA54C7 /* RotatedBadgeSymbol.swift */ = {isa = PBXFileReference; lastKnownFileType = sourcecode.swift; path = RotatedBadgeSymbol.swift; sourceTree = "<group>"; };
		58B357432DACC4D800DA54C7 /* Badge.swift */ = {isa = PBXFileReference; lastKnownFileType = sourcecode.swift; path = Badge.swift; sourceTree = "<group>"; };
		58D464352DD8C7FC00BB1804 /* FeatureCard.swift */ = {isa = PBXFileReference; lastKnownFileType = sourcecode.swift; path = FeatureCard.swift; sourceTree = "<group>"; };
		58D464372DD8D18D00BB1804 /* PageView.swift */ = {isa = PBXFileReference; lastKnownFileType = sourcecode.swift; path = PageView.swift; sourceTree = "<group>"; };
		58F9A7242DBCA78800FB8A72 /* CategoryRow.swift */ = {isa = PBXFileReference; lastKnownFileType = sourcecode.swift; path = CategoryRow.swift; sourceTree = "<group>"; };
		58F9A7262DBCAC6400FB8A72 /* CategoryItem.swift */ = {isa = PBXFileReference; lastKnownFileType = sourcecode.swift; path = CategoryItem.swift; sourceTree = "<group>"; };
/* End PBXFileReference section */

/* Begin PBXFileSystemSynchronizedRootGroup section */
		580F6B232DAD575F007DBD3B /* Hikes */ = {isa = PBXFileSystemSynchronizedRootGroup; explicitFileTypes = {}; explicitFolders = (); path = Hikes; sourceTree = "<group>"; };
/* End PBXFileSystemSynchronizedRootGroup section */

/* Begin PBXFrameworksBuildPhase section */
		5878DE5B2DA8ACA1004066DE /* Frameworks */ = {
			isa = PBXFrameworksBuildPhase;
			buildActionMask = 2147483647;
			files = (
			);
			runOnlyForDeploymentPostprocessing = 0;
		};
/* End PBXFrameworksBuildPhase section */

/* Begin PBXGroup section */
		580759DD2DC5E55B0026065D /* Profiles */ = {
			isa = PBXGroup;
			children = (
				580759DE2DC5E65E0026065D /* ProfileHost.swift */,
				580759E02DC5E8650026065D /* ProfileSummary.swift */,
				580759E82DC5FE390026065D /* ProfileEditor.swift */,
			);
			path = Profiles;
			sourceTree = "<group>";
		};
		5821594A2DA8D07800B98ACF /* Views */ = {
			isa = PBXGroup;
			children = (
				5878DE632DA8ACA1004066DE /* ContentView.swift */,
				5821595C2DA9089500B98ACF /* Components */,
				5821595B2DA9086100B98ACF /* Landmarks */,
				583E1A532DB5311100D723DA /* Categories */,
				580759DD2DC5E55B0026065D /* Profiles */,
				5880EFA92DC607B3005402A6 /* PageView */,
			);
			path = Views;
			sourceTree = "<group>";
		};
		5821594B2DA8D09E00B98ACF /* Resources */ = {
			isa = PBXGroup;
			children = (
				5821594C2DA8D0C700B98ACF /* landmarkData.json */,
				580F6B302DAD59E9007DBD3B /* hikeData.json */,
			);
			path = Resources;
			sourceTree = "<group>";
		};
		582159522DA8D6F400B98ACF /* Model */ = {
			isa = PBXGroup;
			children = (
				580F6B1D2DAD5520007DBD3B /* Hike.swift */,
				5821594E2DA8D21D00B98ACF /* Landmark.swift */,
				582159502DA8D48F00B98ACF /* ModelData.swift */,
				580759DB2DC5E25F0026065D /* Profile.swift */,
			);
			path = Model;
			sourceTree = "<group>";
		};
		5821595B2DA9086100B98ACF /* Landmarks */ = {
			isa = PBXGroup;
			children = (
				582159532DA8D83400B98ACF /* LandmarkRow.swift */,
				582159552DA8E81700B98ACF /* LandmarkList.swift */,
				582159572DA8EA6100B98ACF /* LandmarkDetail.swift */,
			);
			path = Landmarks;
			sourceTree = "<group>";
		};
		5821595C2DA9089500B98ACF /* Components */ = {
			isa = PBXGroup;
			children = (
				58B357402DACC40300DA54C7 /* Badges */,
				580F6B232DAD575F007DBD3B /* Hikes */,
				582159462DA8BBE300B98ACF /* CircleImage.swift */,
				582159482DA8CBCB00B98ACF /* MapView.swift */,
				582159592DA9074500B98ACF /* FavoriteButton.swift */,
			);
			path = Components;
			sourceTree = "<group>";
		};
		583E1A532DB5311100D723DA /* Categories */ = {
			isa = PBXGroup;
			children = (
				583E1A542DB5315200D723DA /* CategoryHome.swift */,
				58F9A7242DBCA78800FB8A72 /* CategoryRow.swift */,
				58F9A7262DBCAC6400FB8A72 /* CategoryItem.swift */,
			);
			path = Categories;
			sourceTree = "<group>";
		};
		5878DE552DA8ACA1004066DE = {
			isa = PBXGroup;
			children = (
				5878DE602DA8ACA1004066DE /* Landmarks */,
				5878DE5F2DA8ACA1004066DE /* Products */,
			);
			sourceTree = "<group>";
		};
		5878DE5F2DA8ACA1004066DE /* Products */ = {
			isa = PBXGroup;
			children = (
				5878DE5E2DA8ACA1004066DE /* Landmarks.app */,
			);
			name = Products;
			sourceTree = "<group>";
		};
		5878DE602DA8ACA1004066DE /* Landmarks */ = {
			isa = PBXGroup;
			children = (
				5878DE612DA8ACA1004066DE /* LandmarksApp.swift */,
				5821594A2DA8D07800B98ACF /* Views */,
				582159522DA8D6F400B98ACF /* Model */,
				5821594B2DA8D09E00B98ACF /* Resources */,
				5878DE652DA8ACAA004066DE /* Assets.xcassets */,
				5878DE672DA8ACAA004066DE /* Preview Content */,
			);
			path = Landmarks;
			sourceTree = "<group>";
		};
		5878DE672DA8ACAA004066DE /* Preview Content */ = {
			isa = PBXGroup;
			children = (
				5878DE682DA8ACAA004066DE /* Preview Assets.xcassets */,
			);
			path = "Preview Content";
			sourceTree = "<group>";
		};
		5880EFA92DC607B3005402A6 /* PageView */ = {
			isa = PBXGroup;
			children = (
				58D464352DD8C7FC00BB1804 /* FeatureCard.swift */,
				5880EFAC2DC6082B005402A6 /* PageViewController.swift */,
				58D464372DD8D18D00BB1804 /* PageView.swift */,
			);
			path = PageView;
			sourceTree = "<group>";
		};
		58B357402DACC40300DA54C7 /* Badges */ = {
			isa = PBXGroup;
			children = (
				58B357432DACC4D800DA54C7 /* Badge.swift */,
				58B3573C2DACA3B800DA54C7 /* BadgeBackground.swift */,
				58B3573E2DACAA4000DA54C7 /* BadgeSymbol.swift */,
				58B357412DACC43A00DA54C7 /* RotatedBadgeSymbol.swift */,
				5833B4552DA92F11002CD88E /* HexagonParameters.swift */,
			);
			path = Badges;
			sourceTree = "<group>";
		};
/* End PBXGroup section */

/* Begin PBXNativeTarget section */
		5878DE5D2DA8ACA1004066DE /* Landmarks */ = {
			isa = PBXNativeTarget;
			buildConfigurationList = 5878DE6C2DA8ACAA004066DE /* Build configuration list for PBXNativeTarget "Landmarks" */;
			buildPhases = (
				5878DE5A2DA8ACA1004066DE /* Sources */,
				5878DE5B2DA8ACA1004066DE /* Frameworks */,
				5878DE5C2DA8ACA1004066DE /* Resources */,
			);
			buildRules = (
			);
			dependencies = (
			);
			fileSystemSynchronizedGroups = (
				580F6B232DAD575F007DBD3B /* Hikes */,
			);
			name = Landmarks;
			productName = Landmarks;
			productReference = 5878DE5E2DA8ACA1004066DE /* Landmarks.app */;
			productType = "com.apple.product-type.application";
		};
/* End PBXNativeTarget section */

/* Begin PBXProject section */
		5878DE562DA8ACA1004066DE /* Project object */ = {
			isa = PBXProject;
			attributes = {
				BuildIndependentTargetsInParallel = 1;
				LastSwiftUpdateCheck = 1520;
				LastUpgradeCheck = 1520;
				TargetAttributes = {
					5878DE5D2DA8ACA1004066DE = {
						CreatedOnToolsVersion = 15.2;
					};
				};
			};
			buildConfigurationList = 5878DE592DA8ACA1004066DE /* Build configuration list for PBXProject "Landmarks" */;
			compatibilityVersion = "Xcode 14.0";
			developmentRegion = en;
			hasScannedForEncodings = 0;
			knownRegions = (
				en,
				Base,
			);
			mainGroup = 5878DE552DA8ACA1004066DE;
			productRefGroup = 5878DE5F2DA8ACA1004066DE /* Products */;
			projectDirPath = "";
			projectRoot = "";
			targets = (
				5878DE5D2DA8ACA1004066DE /* Landmarks */,
			);
		};
/* End PBXProject section */

/* Begin PBXResourcesBuildPhase section */
		5878DE5C2DA8ACA1004066DE /* Resources */ = {
			isa = PBXResourcesBuildPhase;
			buildActionMask = 2147483647;
			files = (
				580F6B312DAD59E9007DBD3B /* hikeData.json in Resources */,
				5878DE692DA8ACAA004066DE /* Preview Assets.xcassets in Resources */,
				5878DE662DA8ACAA004066DE /* Assets.xcassets in Resources */,
				5821594D2DA8D0C700B98ACF /* landmarkData.json in Resources */,
			);
			runOnlyForDeploymentPostprocessing = 0;
		};
/* End PBXResourcesBuildPhase section */

/* Begin PBXSourcesBuildPhase section */
		5878DE5A2DA8ACA1004066DE /* Sources */ = {
			isa = PBXSourcesBuildPhase;
			buildActionMask = 2147483647;
			files = (
				58F9A7252DBCA78800FB8A72 /* CategoryRow.swift in Sources */,
				580759DC2DC5E25F0026065D /* Profile.swift in Sources */,
				5878DE642DA8ACA1004066DE /* ContentView.swift in Sources */,
				583E1A552DB5315200D723DA /* CategoryHome.swift in Sources */,
				58D464362DD8C7FC00BB1804 /* FeatureCard.swift in Sources */,
				58B357442DACC4D800DA54C7 /* Badge.swift in Sources */,
				582159492DA8CBCB00B98ACF /* MapView.swift in Sources */,
				5878DE622DA8ACA1004066DE /* LandmarksApp.swift in Sources */,
				5821595A2DA9074500B98ACF /* FavoriteButton.swift in Sources */,
				5833B4562DA92F11002CD88E /* HexagonParameters.swift in Sources */,
				580F6B1E2DAD5520007DBD3B /* Hike.swift in Sources */,
				58F9A7272DBCAC6400FB8A72 /* CategoryItem.swift in Sources */,
				58B357422DACC43A00DA54C7 /* RotatedBadgeSymbol.swift in Sources */,
				580759E12DC5E8650026065D /* ProfileSummary.swift in Sources */,
				58B3573F2DACAA4000DA54C7 /* BadgeSymbol.swift in Sources */,
				580759DF2DC5E65E0026065D /* ProfileHost.swift in Sources */,
				582159562DA8E81700B98ACF /* LandmarkList.swift in Sources */,
				582159582DA8EA6100B98ACF /* LandmarkDetail.swift in Sources */,
				58D464382DD8D18D00BB1804 /* PageView.swift in Sources */,
				5880EFAD2DC6082B005402A6 /* PageViewController.swift in Sources */,
				58B3573D2DACA3B800DA54C7 /* BadgeBackground.swift in Sources */,
				580759E92DC5FE390026065D /* ProfileEditor.swift in Sources */,
				582159472DA8BBE300B98ACF /* CircleImage.swift in Sources */,
				5821594F2DA8D21D00B98ACF /* Landmark.swift in Sources */,
				582159542DA8D83400B98ACF /* LandmarkRow.swift in Sources */,
				582159512DA8D48F00B98ACF /* ModelData.swift in Sources */,
			);
			runOnlyForDeploymentPostprocessing = 0;
		};
/* End PBXSourcesBuildPhase section */

/* Begin XCBuildConfiguration section */
		5878DE6A2DA8ACAA004066DE /* Debug */ = {
			isa = XCBuildConfiguration;
			buildSettings = {
				ALWAYS_SEARCH_USER_PATHS = NO;
				ASSETCATALOG_COMPILER_GENERATE_SWIFT_ASSET_SYMBOL_EXTENSIONS = YES;
				CLANG_ANALYZER_NONNULL = YES;
				CLANG_ANALYZER_NUMBER_OBJECT_CONVERSION = YES_AGGRESSIVE;
				CLANG_CXX_LANGUAGE_STANDARD = "gnu++20";
				CLANG_ENABLE_MODULES = YES;
				CLANG_ENABLE_OBJC_ARC = YES;
				CLANG_ENABLE_OBJC_WEAK = YES;
				CLANG_WARN_BLOCK_CAPTURE_AUTORELEASING = YES;
				CLANG_WARN_BOOL_CONVERSION = YES;
				CLANG_WARN_COMMA = YES;
				CLANG_WARN_CONSTANT_CONVERSION = YES;
				CLANG_WARN_DEPRECATED_OBJC_IMPLEMENTATIONS = YES;
				CLANG_WARN_DIRECT_OBJC_ISA_USAGE = YES_ERROR;
				CLANG_WARN_DOCUMENTATION_COMMENTS = YES;
				CLANG_WARN_EMPTY_BODY = YES;
				CLANG_WARN_ENUM_CONVERSION = YES;
				CLANG_WARN_INFINITE_RECURSION = YES;
				CLANG_WARN_INT_CONVERSION = YES;
				CLANG_WARN_NON_LITERAL_NULL_CONVERSION = YES;
				CLANG_WARN_OBJC_IMPLICIT_RETAIN_SELF = YES;
				CLANG_WARN_OBJC_LITERAL_CONVERSION = YES;
				CLANG_WARN_OBJC_ROOT_CLASS = YES_ERROR;
				CLANG_WARN_QUOTED_INCLUDE_IN_FRAMEWORK_HEADER = YES;
				CLANG_WARN_RANGE_LOOP_ANALYSIS = YES;
				CLANG_WARN_STRICT_PROTOTYPES = YES;
				CLANG_WARN_SUSPICIOUS_MOVE = YES;
				CLANG_WARN_UNGUARDED_AVAILABILITY = YES_AGGRESSIVE;
				CLANG_WARN_UNREACHABLE_CODE = YES;
				CLANG_WARN__DUPLICATE_METHOD_MATCH = YES;
				COPY_PHASE_STRIP = NO;
				DEBUG_INFORMATION_FORMAT = dwarf;
				ENABLE_STRICT_OBJC_MSGSEND = YES;
				ENABLE_TESTABILITY = YES;
				ENABLE_USER_SCRIPT_SANDBOXING = YES;
				GCC_C_LANGUAGE_STANDARD = gnu17;
				GCC_DYNAMIC_NO_PIC = NO;
				GCC_NO_COMMON_BLOCKS = YES;
				GCC_OPTIMIZATION_LEVEL = 0;
				GCC_PREPROCESSOR_DEFINITIONS = (
					"DEBUG=1",
					"$(inherited)",
				);
				GCC_WARN_64_TO_32_BIT_CONVERSION = YES;
				GCC_WARN_ABOUT_RETURN_TYPE = YES_ERROR;
				GCC_WARN_UNDECLARED_SELECTOR = YES;
				GCC_WARN_UNINITIALIZED_AUTOS = YES_AGGRESSIVE;
				GCC_WARN_UNUSED_FUNCTION = YES;
				GCC_WARN_UNUSED_VARIABLE = YES;
				IPHONEOS_DEPLOYMENT_TARGET = 17.2;
				LOCALIZATION_PREFERS_STRING_CATALOGS = YES;
				MTL_ENABLE_DEBUG_INFO = INCLUDE_SOURCE;
				MTL_FAST_MATH = YES;
				ONLY_ACTIVE_ARCH = YES;
				SDKROOT = iphoneos;
				SWIFT_ACTIVE_COMPILATION_CONDITIONS = "DEBUG $(inherited)";
				SWIFT_OPTIMIZATION_LEVEL = "-Onone";
			};
			name = Debug;
		};
		5878DE6B2DA8ACAA004066DE /* Release */ = {
			isa = XCBuildConfiguration;
			buildSettings = {
				ALWAYS_SEARCH_USER_PATHS = NO;
				ASSETCATALOG_COMPILER_GENERATE_SWIFT_ASSET_SYMBOL_EXTENSIONS = YES;
				CLANG_ANALYZER_NONNULL = YES;
				CLANG_ANALYZER_NUMBER_OBJECT_CONVERSION = YES_AGGRESSIVE;
				CLANG_CXX_LANGUAGE_STANDARD = "gnu++20";
				CLANG_ENABLE_MODULES = YES;
				CLANG_ENABLE_OBJC_ARC = YES;
				CLANG_ENABLE_OBJC_WEAK = YES;
				CLANG_WARN_BLOCK_CAPTURE_AUTORELEASING = YES;
				CLANG_WARN_BOOL_CONVERSION = YES;
				CLANG_WARN_COMMA = YES;
				CLANG_WARN_CONSTANT_CONVERSION = YES;
				CLANG_WARN_DEPRECATED_OBJC_IMPLEMENTATIONS = YES;
				CLANG_WARN_DIRECT_OBJC_ISA_USAGE = YES_ERROR;
				CLANG_WARN_DOCUMENTATION_COMMENTS = YES;
				CLANG_WARN_EMPTY_BODY = YES;
				CLANG_WARN_ENUM_CONVERSION = YES;
				CLANG_WARN_INFINITE_RECURSION = YES;
				CLANG_WARN_INT_CONVERSION = YES;
				CLANG_WARN_NON_LITERAL_NULL_CONVERSION = YES;
				CLANG_WARN_OBJC_IMPLICIT_RETAIN_SELF = YES;
				CLANG_WARN_OBJC_LITERAL_CONVERSION = YES;
				CLANG_WARN_OBJC_ROOT_CLASS = YES_ERROR;
				CLANG_WARN_QUOTED_INCLUDE_IN_FRAMEWORK_HEADER = YES;
				CLANG_WARN_RANGE_LOOP_ANALYSIS = YES;
				CLANG_WARN_STRICT_PROTOTYPES = YES;
				CLANG_WARN_SUSPICIOUS_MOVE = YES;
				CLANG_WARN_UNGUARDED_AVAILABILITY = YES_AGGRESSIVE;
				CLANG_WARN_UNREACHABLE_CODE = YES;
				CLANG_WARN__DUPLICATE_METHOD_MATCH = YES;
				COPY_PHASE_STRIP = NO;
				DEBUG_INFORMATION_FORMAT = "dwarf-with-dsym";
				ENABLE_NS_ASSERTIONS = NO;
				ENABLE_STRICT_OBJC_MSGSEND = YES;
				ENABLE_USER_SCRIPT_SANDBOXING = YES;
				GCC_C_LANGUAGE_STANDARD = gnu17;
				GCC_NO_COMMON_BLOCKS = YES;
				GCC_WARN_64_TO_32_BIT_CONVERSION = YES;
				GCC_WARN_ABOUT_RETURN_TYPE = YES_ERROR;
				GCC_WARN_UNDECLARED_SELECTOR = YES;
				GCC_WARN_UNINITIALIZED_AUTOS = YES_AGGRESSIVE;
				GCC_WARN_UNUSED_FUNCTION = YES;
				GCC_WARN_UNUSED_VARIABLE = YES;
				IPHONEOS_DEPLOYMENT_TARGET = 17.2;
				LOCALIZATION_PREFERS_STRING_CATALOGS = YES;
				MTL_ENABLE_DEBUG_INFO = NO;
				MTL_FAST_MATH = YES;
				SDKROOT = iphoneos;
				SWIFT_COMPILATION_MODE = wholemodule;
				VALIDATE_PRODUCT = YES;
			};
			name = Release;
		};
		5878DE6D2DA8ACAA004066DE /* Debug */ = {
			isa = XCBuildConfiguration;
			buildSettings = {
				ASSETCATALOG_COMPILER_APPICON_NAME = AppIcon;
				ASSETCATALOG_COMPILER_GLOBAL_ACCENT_COLOR_NAME = AccentColor;
				CODE_SIGN_STYLE = Automatic;
				CURRENT_PROJECT_VERSION = 1;
				DEVELOPMENT_ASSET_PATHS = "\"Landmarks/Preview Content\"";
				ENABLE_PREVIEWS = YES;
				GENERATE_INFOPLIST_FILE = YES;
				INFOPLIST_KEY_UIApplicationSceneManifest_Generation = YES;
				INFOPLIST_KEY_UIApplicationSupportsIndirectInputEvents = YES;
				INFOPLIST_KEY_UILaunchScreen_Generation = YES;
				INFOPLIST_KEY_UISupportedInterfaceOrientations_iPad = "UIInterfaceOrientationPortrait UIInterfaceOrientationPortraitUpsideDown UIInterfaceOrientationLandscapeLeft UIInterfaceOrientationLandscapeRight";
				INFOPLIST_KEY_UISupportedInterfaceOrientations_iPhone = "UIInterfaceOrientationPortrait UIInterfaceOrientationLandscapeLeft UIInterfaceOrientationLandscapeRight";
				LD_RUNPATH_SEARCH_PATHS = (
					"$(inherited)",
					"@executable_path/Frameworks",
				);
				MARKETING_VERSION = 1.0;
				PRODUCT_BUNDLE_IDENTIFIER = com.gandalgom.tutorial.Landmarks;
				PRODUCT_NAME = "$(TARGET_NAME)";
				SWIFT_EMIT_LOC_STRINGS = YES;
				SWIFT_VERSION = 5.0;
				TARGETED_DEVICE_FAMILY = "1,2";
			};
			name = Debug;
		};
		5878DE6E2DA8ACAA004066DE /* Release */ = {
			isa = XCBuildConfiguration;
			buildSettings = {
				ASSETCATALOG_COMPILER_APPICON_NAME = AppIcon;
				ASSETCATALOG_COMPILER_GLOBAL_ACCENT_COLOR_NAME = AccentColor;
				CODE_SIGN_STYLE = Automatic;
				CURRENT_PROJECT_VERSION = 1;
				DEVELOPMENT_ASSET_PATHS = "\"Landmarks/Preview Content\"";
				ENABLE_PREVIEWS = YES;
				GENERATE_INFOPLIST_FILE = YES;
				INFOPLIST_KEY_UIApplicationSceneManifest_Generation = YES;
				INFOPLIST_KEY_UIApplicationSupportsIndirectInputEvents = YES;
				INFOPLIST_KEY_UILaunchScreen_Generation = YES;
				INFOPLIST_KEY_UISupportedInterfaceOrientations_iPad = "UIInterfaceOrientationPortrait UIInterfaceOrientationPortraitUpsideDown UIInterfaceOrientationLandscapeLeft UIInterfaceOrientationLandscapeRight";
				INFOPLIST_KEY_UISupportedInterfaceOrientations_iPhone = "UIInterfaceOrientationPortrait UIInterfaceOrientationLandscapeLeft UIInterfaceOrientationLandscapeRight";
				LD_RUNPATH_SEARCH_PATHS = (
					"$(inherited)",
					"@executable_path/Frameworks",
				);
				MARKETING_VERSION = 1.0;
				PRODUCT_BUNDLE_IDENTIFIER = com.gandalgom.tutorial.Landmarks;
				PRODUCT_NAME = "$(TARGET_NAME)";
				SWIFT_EMIT_LOC_STRINGS = YES;
				SWIFT_VERSION = 5.0;
				TARGETED_DEVICE_FAMILY = "1,2";
			};
			name = Release;
		};
/* End XCBuildConfiguration section */

/* Begin XCConfigurationList section */
		5878DE592DA8ACA1004066DE /* Build configuration list for PBXProject "Landmarks" */ = {
			isa = XCConfigurationList;
			buildConfigurations = (
				5878DE6A2DA8ACAA004066DE /* Debug */,
				5878DE6B2DA8ACAA004066DE /* Release */,
			);
			defaultConfigurationIsVisible = 0;
			defaultConfigurationName = Release;
		};
		5878DE6C2DA8ACAA004066DE /* Build configuration list for PBXNativeTarget "Landmarks" */ = {
			isa = XCConfigurationList;
			buildConfigurations = (
				5878DE6D2DA8ACAA004066DE /* Debug */,
				5878DE6E2DA8ACAA004066DE /* Release */,
			);
			defaultConfigurationIsVisible = 0;
			defaultConfigurationName = Release;
		};
/* End XCConfigurationList section */
	};
	rootObject = 5878DE562DA8ACA1004066DE /* Project object */;
}
